<?xml version="1.0" encoding="utf-8"?>
<Project ToolsVersion="4.0" xmlns="http://schemas.microsoft.com/developer/msbuild/2003">
  <ItemGroup>
    <Filter Include="Source files">
      <UniqueIdentifier>{4FC737F1-C7A5-4376-A066-2A32D752A2FF}</UniqueIdentifier>
      <Extensions>cpp;c;cc;cxx;c++;cppm;ixx;def;odl;idl;hpj;bat;asm;asmx</Extensions>
    </Filter>
    <Filter Include="Resource files">
      <UniqueIdentifier>{67DA6AB6-F800-4c08-8B7A-83BB121AAD01}</UniqueIdentifier>
      <Extensions>rc;ico;cur;bmp;dlg;rc2;rct;bin;rgs;gif;jpg;jpeg;jpe;resx;tiff;tif;png;wav;mfcribbon-ms</Extensions>
    </Filter>
    <Filter Include="Source files\brushes">
      <UniqueIdentifier>{0e62046e-5b57-4859-bf80-7c3090abe9e8}</UniqueIdentifier>
    </Filter>
    <Filter Include="Source files\popup">
      <UniqueIdentifier>{ff4f4cf5-5d84-462f-8678-473afbe41528}</UniqueIdentifier>
    </Filter>
    <Filter Include="Source files\external">
      <UniqueIdentifier>{a32cb1a6-5407-47ab-92fe-6e5bd7c5879b}</UniqueIdentifier>
    </Filter>
    <Filter Include="Source files\external\libtga">
      <UniqueIdentifier>{b2b7876e-add1-40fe-a925-456b7b03a6ed}</UniqueIdentifier>
    </Filter>
    <Filter Include="Source files\ui_widgets">
      <UniqueIdentifier>{e62c2e0a-b6a8-4498-bade-9fb2bd8955a9}</UniqueIdentifier>
    </Filter>
    <Filter Include="Source files\templates">
      <UniqueIdentifier>{61618ffa-829c-42b3-90c1-027a310b7063}</UniqueIdentifier>
    </Filter>
    <Filter Include="Source files\external\easybmp">
      <UniqueIdentifier>{f354d5c4-bf0c-44ca-b52b-db514ccfb8c7}</UniqueIdentifier>
    </Filter>
    <Filter Include="Source files\external\zip">
      <UniqueIdentifier>{c2afb396-8f85-4d44-bcd4-4c678580e351}</UniqueIdentifier>
    </Filter>
    <Filter Include="Source files\external\pugixml">
      <UniqueIdentifier>{6b807443-ff01-4c35-bd0e-6702e51112b1}</UniqueIdentifier>
    </Filter>
    <Filter Include="Source files\external\libpng">
      <UniqueIdentifier>{215dd3a1-6faa-4ad0-9a1e-8169550ce787}</UniqueIdentifier>
    </Filter>
    <Filter Include="Source files\external\astc_dec">
      <UniqueIdentifier>{55b0a71a-1a7b-43ce-846d-e40306aab9d0}</UniqueIdentifier>
    </Filter>
    <Filter Include="Source files\screen">
      <UniqueIdentifier>{b42970c2-7d17-43ca-9583-d087ee0c3c22}</UniqueIdentifier>
    </Filter>
    <Filter Include="Header files">
      <UniqueIdentifier>{93995380-89BD-4b04-88EB-625FBE52EBFB}</UniqueIdentifier>
      <Extensions>h;hh;hpp;hxx;h++;hm;inl;inc;ipp;xsd</Extensions>
    </Filter>
    <Filter Include="Header files\brushes">
      <UniqueIdentifier>{a353a57e-2acc-47b3-bb06-f77e67cee149}</UniqueIdentifier>
    </Filter>
    <Filter Include="Header files\popup">
      <UniqueIdentifier>{4de1fdf9-44f3-49f3-8112-39b6ce2460d4}</UniqueIdentifier>
    </Filter>
    <Filter Include="Header files\external">
      <UniqueIdentifier>{81e8270e-1bb6-412d-806b-77e2e141642d}</UniqueIdentifier>
    </Filter>
    <Filter Include="Header files\external\libtga">
      <UniqueIdentifier>{f399e6d2-0f91-458a-8e2b-a4462a230761}</UniqueIdentifier>
    </Filter>
    <Filter Include="Header files\external\easybmp">
      <UniqueIdentifier>{7dd202aa-e86a-4bec-b121-5c24da536967}</UniqueIdentifier>
    </Filter>
    <Filter Include="Header files\external\ddspp">
      <UniqueIdentifier>{4b6da3e0-e184-40b0-abaa-0b4cded17aaf}</UniqueIdentifier>
    </Filter>
    <Filter Include="Header files\external\zip">
      <UniqueIdentifier>{c989d900-cced-4222-ae46-6493433bb6fb}</UniqueIdentifier>
    </Filter>
    <Filter Include="Header files\external\pugixml">
      <UniqueIdentifier>{126c13de-fa6f-48c2-bc9e-4e76eca2c535}</UniqueIdentifier>
    </Filter>
    <Filter Include="Header files\external\libpng">
      <UniqueIdentifier>{19ccb297-fd59-448e-814e-15f5a4790037}</UniqueIdentifier>
    </Filter>
    <Filter Include="Header files\external\astc_dec">
      <UniqueIdentifier>{120114de-a3c4-47bc-b48f-22f7df9a7bf0}</UniqueIdentifier>
    </Filter>
    <Filter Include="Header files\external\base64">
      <UniqueIdentifier>{f4ed1a57-73df-421a-b1da-6fe92097d081}</UniqueIdentifier>
    </Filter>
    <Filter Include="Header files\external\portable-file-dialogs">
      <UniqueIdentifier>{9359d52d-8b10-44d7-ae12-4fcc62fe501d}</UniqueIdentifier>
    </Filter>
    <Filter Include="Header files\ui_widgets">
      <UniqueIdentifier>{f690dacb-3219-4eca-9b18-d1d94a7e302c}</UniqueIdentifier>
    </Filter>
    <Filter Include="Header files\screen">
      <UniqueIdentifier>{e201f46f-e0ea-479c-86b6-e5a02322eec1}</UniqueIdentifier>
    </Filter>
    <Filter Include="Header files\templates">
      <UniqueIdentifier>{a9bd79ad-10d4-46ca-8497-7aebd9add055}</UniqueIdentifier>
    </Filter>
    <Filter Include="Header files\external\json">
      <UniqueIdentifier>{9812c616-232b-44c1-83dd-ac960d53e31b}</UniqueIdentifier>
    </Filter>
    <Filter Include="Header files\filters">
      <UniqueIdentifier>{7fcafd71-e589-49db-80ad-831cadb75789}</UniqueIdentifier>
    </Filter>
    <Filter Include="Source files\filters">
      <UniqueIdentifier>{3a15a644-d040-4c21-b539-443866e5d2e1}</UniqueIdentifier>
    </Filter>
    <Filter Include="Header files\external\discord_game_sdk">
      <UniqueIdentifier>{a223a32e-302a-4a13-ae72-fb5d9c2a3687}</UniqueIdentifier>
    </Filter>
    <Filter Include="Source files\external\discord_game_sdk">
      <UniqueIdentifier>{180db67a-855d-41da-9b30-46bc2dc4ae20}</UniqueIdentifier>
    </Filter>
    <Filter Include="Header files\io">
      <UniqueIdentifier>{02720e10-78b4-44ba-9933-868605dcb174}</UniqueIdentifier>
    </Filter>
    <Filter Include="Source files\io">
      <UniqueIdentifier>{277bb8fb-c422-47bd-8b7f-628f93501d7e}</UniqueIdentifier>
    </Filter>
    <Filter Include="Header files\platform">
      <UniqueIdentifier>{e1bb0d2c-b445-420a-8b69-b3335199838c}</UniqueIdentifier>
    </Filter>
    <Filter Include="Header files\localization">
      <UniqueIdentifier>{4776ae29-c294-4910-80d8-6f5903dfeec0}</UniqueIdentifier>
    </Filter>
    <Filter Include="Source files\localization">
      <UniqueIdentifier>{4b5a48fc-a3e7-407b-a588-56df8aa3a743}</UniqueIdentifier>
    </Filter>
    <Filter Include="Header files\sdk">
      <UniqueIdentifier>{f0f662c3-cf50-499f-adca-25c162accf21}</UniqueIdentifier>
    </Filter>
    <Filter Include="Header files\sdk\v1">
      <UniqueIdentifier>{a3bed906-9269-4138-bb75-29e675fc80d1}</UniqueIdentifier>
    </Filter>
    <Filter Include="Source files\sdk">
      <UniqueIdentifier>{64f20780-4746-4598-b4a3-97c1a7b621aa}</UniqueIdentifier>
    </Filter>
    <Filter Include="Header files\util">
      <UniqueIdentifier>{ce207b55-d9ff-4356-9a64-c828f73c0ff8}</UniqueIdentifier>
    </Filter>
    <Filter Include="Source files\util">
      <UniqueIdentifier>{eb81430f-a6d1-44c6-9833-f5dc0de8d048}</UniqueIdentifier>
    </Filter>
  </ItemGroup>
  <ItemGroup>
    <ClCompile Include="main.cpp">
      <Filter>Source files</Filter>
    </ClCompile>
    <ClCompile Include="platform.cpp">
      <Filter>Source files</Filter>
    </ClCompile>
    <ClCompile Include="Layer.cpp">
      <Filter>Source files</Filter>
    </ClCompile>
    <ClCompile Include="libtga\tga.c">
      <Filter>Source files\external\libtga</Filter>
    </ClCompile>
    <ClCompile Include="libtga\tgaread.c">
      <Filter>Source files\external\libtga</Filter>
    </ClCompile>
    <ClCompile Include="libtga\tgawrite.c">
      <Filter>Source files\external\libtga</Filter>
    </ClCompile>
    <ClCompile Include="brush\BaseBrush.cpp">
      <Filter>Source files\brushes</Filter>
    </ClCompile>
    <ClCompile Include="brush\Brush1pxLine.cpp">
      <Filter>Source files\brushes</Filter>
    </ClCompile>
    <ClCompile Include="brush\Brush1x1.cpp">
      <Filter>Source files\brushes</Filter>
    </ClCompile>
    <ClCompile Include="brush\Brush3pxCircle.cpp">
      <Filter>Source files\brushes</Filter>
    </ClCompile>
    <ClCompile Include="brush\BrushRect.cpp">
      <Filter>Source files\brushes</Filter>
    </ClCompile>
    <ClCompile Include="brush\BrushRectFill.cpp">
      <Filter>Source files\brushes</Filter>
    </ClCompile>
    <ClCompile Include="brush\ToolColorPicker.cpp">
      <Filter>Source files\brushes</Filter>
    </ClCompile>
    <ClCompile Include="BasePopup.cpp">
      <Filter>Source files\popup</Filter>
    </ClCompile>
    <ClCompile Include="EditorBrushPicker.cpp">
      <Filter>Source files\ui_widgets</Filter>
    </ClCompile>
    <ClCompile Include="EditorColorPicker.cpp">
      <Filter>Source files\ui_widgets</Filter>
    </ClCompile>
    <ClCompile Include="UIButton.cpp">
      <Filter>Source files\ui_widgets</Filter>
    </ClCompile>
    <ClCompile Include="UIColorSlider.cpp">
      <Filter>Source files\ui_widgets</Filter>
    </ClCompile>
    <ClCompile Include="UISlider.cpp">
      <Filter>Source files\ui_widgets</Filter>
    </ClCompile>
    <ClCompile Include="UIDoubleSlider.cpp">
      <Filter>Source files\ui_widgets</Filter>
    </ClCompile>
    <ClCompile Include="UISVPicker.cpp">
      <Filter>Source files\ui_widgets</Filter>
    </ClCompile>
    <ClCompile Include="UITextField.cpp">
      <Filter>Source files\ui_widgets</Filter>
    </ClCompile>
    <ClCompile Include="ScreenWideNavBar.cpp">
      <Filter>Source files\ui_widgets</Filter>
    </ClCompile>
    <ClCompile Include="DrawableManager.cpp">
      <Filter>Source files\ui_widgets</Filter>
    </ClCompile>
    <ClCompile Include="drawable.cpp">
      <Filter>Source files\ui_widgets</Filter>
    </ClCompile>
    <ClCompile Include="BaseScreen.cpp">
      <Filter>Source files\screen</Filter>
    </ClCompile>
    <ClCompile Include="StartScreen.cpp">
      <Filter>Source files\screen</Filter>
    </ClCompile>
    <ClCompile Include="maineditor.cpp">
      <Filter>Source files\screen</Filter>
    </ClCompile>
    <ClCompile Include="PopupMessageBox.cpp">
      <Filter>Source files\popup</Filter>
    </ClCompile>
    <ClCompile Include="TabbedView.cpp">
      <Filter>Source files\ui_widgets</Filter>
    </ClCompile>
    <ClCompile Include="PopupSetEditorPixelGrid.cpp">
      <Filter>Source files\popup</Filter>
    </ClCompile>
    <ClCompile Include="UILabel.cpp">
      <Filter>Source files\ui_widgets</Filter>
    </ClCompile>
    <ClCompile Include="brush\ToolRectClone.cpp">
      <Filter>Source files\brushes</Filter>
    </ClCompile>
    <ClCompile Include="PopupYesNo.cpp">
      <Filter>Source files\popup</Filter>
    </ClCompile>
    <ClCompile Include="BaseTemplate.cpp">
      <Filter>Source files\templates</Filter>
    </ClCompile>
    <ClCompile Include="TemplateRPG2KCharset.cpp">
      <Filter>Source files\templates</Filter>
    </ClCompile>
    <ClCompile Include="easybmp\EasyBMP.cpp">
      <Filter>Source files\external\easybmp</Filter>
    </ClCompile>
    <ClCompile Include="EditorLayerPicker.cpp">
      <Filter>Source files\ui_widgets</Filter>
    </ClCompile>
    <ClCompile Include="UILayerButton.cpp">
      <Filter>Source files\ui_widgets</Filter>
    </ClCompile>
    <ClCompile Include="SpritesheetPreviewScreen.cpp">
      <Filter>Source files\screen</Filter>
    </ClCompile>
    <ClCompile Include="EditorSpritesheetPreview.cpp">
      <Filter>Source files\ui_widgets</Filter>
    </ClCompile>
    <ClCompile Include="PopupTextBox.cpp">
      <Filter>Source files\popup</Filter>
    </ClCompile>
    <ClCompile Include="brush\ToolSetXSymmetry.cpp">
      <Filter>Source files\brushes</Filter>
    </ClCompile>
    <ClCompile Include="brush\ToolSetYSymmetry.cpp">
      <Filter>Source files\brushes</Filter>
    </ClCompile>
    <ClCompile Include="TemplateMC64x32Skin.cpp">
      <Filter>Source files\templates</Filter>
    </ClCompile>
    <ClCompile Include="zip\zip.c">
      <Filter>Source files\external\zip</Filter>
    </ClCompile>
    <ClCompile Include="brush\BrushFill.cpp">
      <Filter>Source files\brushes</Filter>
    </ClCompile>
    <ClCompile Include="TilemapPreviewScreen.cpp">
      <Filter>Source files\screen</Filter>
    </ClCompile>
    <ClCompile Include="brush\Brush1pxLinePathfind.cpp">
      <Filter>Source files\brushes</Filter>
    </ClCompile>
    <ClCompile Include="brush\BrushCircle.cpp">
      <Filter>Source files\brushes</Filter>
    </ClCompile>
    <ClCompile Include="pugixml\pugixml.cpp">
      <Filter>Source files\external\pugixml</Filter>
    </ClCompile>
    <ClCompile Include="UIColorInputField.cpp">
      <Filter>Source files\ui_widgets</Filter>
    </ClCompile>
    <ClCompile Include="brush\ToolComment.cpp">
      <Filter>Source files\brushes</Filter>
    </ClCompile>
    <ClCompile Include="brush\ToolMeasure.cpp">
      <Filter>Source files\brushes</Filter>
    </ClCompile>
    <ClCompile Include="Pattern.cpp">
      <Filter>Source files</Filter>
    </ClCompile>
    <ClCompile Include="Notification.cpp">
      <Filter>Source files</Filter>
    </ClCompile>
    <ClCompile Include="brush\ToolRectMove.cpp">
      <Filter>Source files\brushes</Filter>
    </ClCompile>
    <ClCompile Include="ScrollingPanel.cpp">
      <Filter>Source files\ui_widgets</Filter>
    </ClCompile>
    <ClCompile Include="brush\Brush1x1ArcX.cpp">
      <Filter>Source files\brushes</Filter>
    </ClCompile>
    <ClCompile Include="brush\Brush1x1ArcY.cpp">
      <Filter>Source files\brushes</Filter>
    </ClCompile>
    <ClCompile Include="MinecraftSkinPreviewScreen.cpp">
      <Filter>Source files\screen</Filter>
    </ClCompile>
    <ClCompile Include="libpng\png.c">
      <Filter>Source files\external\libpng</Filter>
    </ClCompile>
    <ClCompile Include="libpng\pngerror.c">
      <Filter>Source files\external\libpng</Filter>
    </ClCompile>
    <ClCompile Include="libpng\pngget.c">
      <Filter>Source files\external\libpng</Filter>
    </ClCompile>
    <ClCompile Include="libpng\pngmem.c">
      <Filter>Source files\external\libpng</Filter>
    </ClCompile>
    <ClCompile Include="libpng\pngpread.c">
      <Filter>Source files\external\libpng</Filter>
    </ClCompile>
    <ClCompile Include="libpng\pngread.c">
      <Filter>Source files\external\libpng</Filter>
    </ClCompile>
    <ClCompile Include="libpng\pngrio.c">
      <Filter>Source files\external\libpng</Filter>
    </ClCompile>
    <ClCompile Include="libpng\pngrtran.c">
      <Filter>Source files\external\libpng</Filter>
    </ClCompile>
    <ClCompile Include="libpng\pngrutil.c">
      <Filter>Source files\external\libpng</Filter>
    </ClCompile>
    <ClCompile Include="libpng\pngset.c">
      <Filter>Source files\external\libpng</Filter>
    </ClCompile>
    <ClCompile Include="libpng\pngtrans.c">
      <Filter>Source files\external\libpng</Filter>
    </ClCompile>
    <ClCompile Include="libpng\pngwio.c">
      <Filter>Source files\external\libpng</Filter>
    </ClCompile>
    <ClCompile Include="libpng\pngwrite.c">
      <Filter>Source files\external\libpng</Filter>
    </ClCompile>
    <ClCompile Include="libpng\pngwtran.c">
      <Filter>Source files\external\libpng</Filter>
    </ClCompile>
    <ClCompile Include="libpng\pngwutil.c">
      <Filter>Source files\external\libpng</Filter>
    </ClCompile>
    <ClCompile Include="brush\BrushReplaceColor.cpp">
      <Filter>Source files\brushes</Filter>
    </ClCompile>
    <ClCompile Include="astc_dec\astc_decomp.cpp">
      <Filter>Source files\external\astc_dec</Filter>
    </ClCompile>
    <ClCompile Include="brush\ToolRectSwap.cpp">
      <Filter>Source files\brushes</Filter>
    </ClCompile>
    <ClCompile Include="brush\ToolText.cpp">
      <Filter>Source files\brushes</Filter>
    </ClCompile>
    <ClCompile Include="PopupTileGeneric.cpp">
      <Filter>Source files\popup</Filter>
    </ClCompile>
    <ClCompile Include="Gamepad.cpp">
      <Filter>Source files</Filter>
    </ClCompile>
    <ClCompile Include="UIHueSlider.cpp">
      <Filter>Source files\ui_widgets</Filter>
    </ClCompile>
    <ClCompile Include="PopupTextTool.cpp">
      <Filter>Source files\popup</Filter>
    </ClCompile>
    <ClCompile Include="brush\ToolRectFlip.cpp">
      <Filter>Source files\brushes</Filter>
    </ClCompile>
    <ClCompile Include="brush\ToolRectRotate.cpp">
      <Filter>Source files\brushes</Filter>
    </ClCompile>
    <ClCompile Include="LayerPalettized.cpp">
      <Filter>Source files</Filter>
    </ClCompile>
    <ClCompile Include="UIDropdown.cpp">
      <Filter>Source files\ui_widgets</Filter>
    </ClCompile>
    <ClCompile Include="PopupQuickConvert.cpp">
      <Filter>Source files\popup</Filter>
    </ClCompile>
    <ClCompile Include="PalettizedEditorColorPicker.cpp">
      <Filter>Source files\ui_widgets</Filter>
    </ClCompile>
    <ClCompile Include="MainEditorPalettized.cpp">
      <Filter>Source files\screen</Filter>
    </ClCompile>
    <ClCompile Include="PalettizedEditorLayerPicker.cpp">
      <Filter>Source files\ui_widgets</Filter>
    </ClCompile>
    <ClCompile Include="PopupPickColor.cpp">
      <Filter>Source files\popup</Filter>
    </ClCompile>
    <ClCompile Include="TilemapEditorLayerPicker.cpp">
      <Filter>Source files\ui_widgets</Filter>
    </ClCompile>
    <ClCompile Include="RPG2KTilemapPreviewScreen.cpp">
      <Filter>Source files\screen</Filter>
    </ClCompile>
    <ClCompile Include="TemplateRPG2KFaceset.cpp">
      <Filter>Source files\templates</Filter>
    </ClCompile>
    <ClCompile Include="DraggablePanel.cpp">
      <Filter>Source files\ui_widgets</Filter>
    </ClCompile>
    <ClCompile Include="TooltipsLayer.cpp">
      <Filter>Source files</Filter>
    </ClCompile>
    <ClCompile Include="Panel.cpp">
      <Filter>Source files\ui_widgets</Filter>
    </ClCompile>
    <ClCompile Include="UICheckbox.cpp">
      <Filter>Source files\ui_widgets</Filter>
    </ClCompile>
    <ClCompile Include="PopupGlobalConfig.cpp">
      <Filter>Source files\popup</Filter>
    </ClCompile>
    <ClCompile Include="PanelRPG2KTilemapPreview.cpp">
      <Filter>Source files\ui_widgets</Filter>
    </ClCompile>
    <ClCompile Include="TemplateRPG2KSystem.cpp">
      <Filter>Source files\templates</Filter>
    </ClCompile>
    <ClCompile Include="TemplateRPG2KChipset.cpp">
      <Filter>Source files\templates</Filter>
    </ClCompile>
    <ClCompile Include="NotifSound.cpp">
      <Filter>Source files\ui_widgets</Filter>
    </ClCompile>
    <ClCompile Include="PanelSpritesheetPreview.cpp">
      <Filter>Source files\ui_widgets</Filter>
    </ClCompile>
    <ClCompile Include="TemplateRPG2KBattleAnim.cpp">
      <Filter>Source files\templates</Filter>
    </ClCompile>
    <ClCompile Include="ButtonStartScreenSession.cpp">
      <Filter>Source files\ui_widgets</Filter>
    </ClCompile>
    <ClCompile Include="PopupIntegerScale.cpp">
      <Filter>Source files\popup</Filter>
    </ClCompile>
    <ClCompile Include="brush\ToolRectIsolate.cpp">
      <Filter>Source files\brushes</Filter>
    </ClCompile>
    <ClCompile Include="CustomTemplate.cpp">
      <Filter>Source files\templates</Filter>
    </ClCompile>
    <ClCompile Include="brush\Brush9SegmentRect.cpp">
      <Filter>Source files\brushes</Filter>
    </ClCompile>
    <ClCompile Include="NineSegmentPatternEditorScreen.cpp">
      <Filter>Source files\screen</Filter>
    </ClCompile>
    <ClCompile Include="PopupSet9SPattern.cpp">
      <Filter>Source files\popup</Filter>
    </ClCompile>
    <ClCompile Include="brush\ToolGuideline.cpp">
      <Filter>Source files\brushes</Filter>
    </ClCompile>
    <ClCompile Include="settings.cpp">
      <Filter>Source files</Filter>
    </ClCompile>
    <ClCompile Include="brush\BrushBezierLine.cpp">
      <Filter>Source files\brushes</Filter>
    </ClCompile>
    <ClCompile Include="PanelTilemapPreview.cpp">
      <Filter>Source files\ui_widgets</Filter>
    </ClCompile>
    <ClCompile Include="MinecraftBlockPreviewScreen.cpp">
      <Filter>Source files\screen</Filter>
    </ClCompile>
    <ClCompile Include="PanelMCBlockPreview.cpp">
      <Filter>Source files\ui_widgets</Filter>
    </ClCompile>
    <ClCompile Include="BaseFilter.cpp">
      <Filter>Source files\filters</Filter>
    </ClCompile>
    <ClCompile Include="SplitSessionEditor.cpp">
      <Filter>Source files\screen</Filter>
    </ClCompile>
    <ClCompile Include="PopupApplyFilter.cpp">
      <Filter>Source files\popup</Filter>
    </ClCompile>
    <ClCompile Include="discord_game_sdk\lobby_manager.cpp">
      <Filter>Source files\external\discord_game_sdk</Filter>
    </ClCompile>
    <ClCompile Include="discord_game_sdk\network_manager.cpp">
      <Filter>Source files\external\discord_game_sdk</Filter>
    </ClCompile>
    <ClCompile Include="discord_game_sdk\overlay_manager.cpp">
      <Filter>Source files\external\discord_game_sdk</Filter>
    </ClCompile>
    <ClCompile Include="discord_game_sdk\relationship_manager.cpp">
      <Filter>Source files\external\discord_game_sdk</Filter>
    </ClCompile>
    <ClCompile Include="discord_game_sdk\storage_manager.cpp">
      <Filter>Source files\external\discord_game_sdk</Filter>
    </ClCompile>
    <ClCompile Include="discord_game_sdk\store_manager.cpp">
      <Filter>Source files\external\discord_game_sdk</Filter>
    </ClCompile>
    <ClCompile Include="discord_game_sdk\types.cpp">
      <Filter>Source files\external\discord_game_sdk</Filter>
    </ClCompile>
    <ClCompile Include="discord_game_sdk\user_manager.cpp">
      <Filter>Source files\external\discord_game_sdk</Filter>
    </ClCompile>
    <ClCompile Include="discord_game_sdk\voice_manager.cpp">
      <Filter>Source files\external\discord_game_sdk</Filter>
    </ClCompile>
    <ClCompile Include="discord_game_sdk\achievement_manager.cpp">
      <Filter>Source files\external\discord_game_sdk</Filter>
    </ClCompile>
    <ClCompile Include="discord_game_sdk\activity_manager.cpp">
      <Filter>Source files\external\discord_game_sdk</Filter>
    </ClCompile>
    <ClCompile Include="discord_game_sdk\application_manager.cpp">
      <Filter>Source files\external\discord_game_sdk</Filter>
    </ClCompile>
    <ClCompile Include="discord_game_sdk\core.cpp">
      <Filter>Source files\external\discord_game_sdk</Filter>
    </ClCompile>
    <ClCompile Include="discord_game_sdk\image_manager.cpp">
      <Filter>Source files\external\discord_game_sdk</Filter>
    </ClCompile>
    <ClCompile Include="RenderFilter.cpp">
      <Filter>Source files\filters</Filter>
    </ClCompile>
    <ClCompile Include="io\io_aseprite.cpp">
      <Filter>Source files\io</Filter>
    </ClCompile>
    <ClCompile Include="FileIO.cpp">
      <Filter>Source files\io</Filter>
    </ClCompile>
    <ClCompile Include="io\io_piskel.cpp">
      <Filter>Source files\io</Filter>
    </ClCompile>
    <ClCompile Include="io\io_gim.cpp">
      <Filter>Source files\io</Filter>
    </ClCompile>
    <ClCompile Include="CollapsableDraggablePanel.cpp">
      <Filter>Source files\ui_widgets</Filter>
    </ClCompile>
    <ClCompile Include="io\io_rpgm.cpp">
      <Filter>Source files\io</Filter>
    </ClCompile>
    <ClCompile Include="PanelReference.cpp">
      <Filter>Source files\ui_widgets</Filter>
    </ClCompile>
    <ClCompile Include="brush\BrushDiamond.cpp">
      <Filter>Source files\brushes</Filter>
    </ClCompile>
    <ClCompile Include="localization\localization.cpp">
      <Filter>Source files\localization</Filter>
    </ClCompile>
    <ClCompile Include="io\io_jxl.cpp">
      <Filter>Source files\io</Filter>
    </ClCompile>
    <ClCompile Include="PopupListRecoveryAutosaves.cpp">
      <Filter>Source files\popup</Filter>
    </ClCompile>
    <ClCompile Include="ScreenWideActionBar.cpp">
      <Filter>Source files\ui_widgets</Filter>
    </ClCompile>
    <ClCompile Include="ScreenNonogramPlayer.cpp">
      <Filter>Source files\screen</Filter>
    </ClCompile>
    <ClCompile Include="io\io_dibv5.cpp">
      <Filter>Source files\io</Filter>
    </ClCompile>
    <ClCompile Include="vfx.cpp">
      <Filter>Source files</Filter>
    </ClCompile>
    <ClCompile Include="PopupChooseExtsToAssoc.cpp">
      <Filter>Source files\popup</Filter>
    </ClCompile>
    <ClCompile Include="visual_config.cpp">
      <Filter>Source files</Filter>
    </ClCompile>
    <ClCompile Include="io\io_png.cpp">
      <Filter>Source files\io</Filter>
    </ClCompile>
    <ClCompile Include="PopupFilePicker.cpp">
      <Filter>Source files\popup</Filter>
    </ClCompile>
    <ClCompile Include="PopupExportScaled.cpp">
      <Filter>Source files\popup</Filter>
    </ClCompile>
    <ClCompile Include="UIColorPicker.cpp">
      <Filter>Source files\ui_widgets</Filter>
    </ClCompile>
    <ClCompile Include="io\io_valve_spr.cpp">
      <Filter>Source files\io</Filter>
    </ClCompile>
    <ClCompile Include="keybinds.cpp">
      <Filter>Source files</Filter>
    </ClCompile>
    <ClCompile Include="sdk_impl.cpp">
      <Filter>Source files\sdk</Filter>
    </ClCompile>
    <ClCompile Include="ExtractDataScreen.cpp">
      <Filter>Source files\screen</Filter>
    </ClCompile>
    <ClCompile Include="EditorTouchToggle.cpp">
      <Filter>Source files\ui_widgets</Filter>
    </ClCompile>
    <ClCompile Include="colors.cpp">
      <Filter>Source files</Filter>
    </ClCompile>
    <ClCompile Include="FontRenderer.cpp">
      <Filter>Source files\util</Filter>
    </ClCompile>
    <ClCompile Include="Canvas.cpp">
      <Filter>Source files\util</Filter>
    </ClCompile>
    <ClCompile Include="mathops.cpp">
      <Filter>Source files\util</Filter>
    </ClCompile>
    <ClCompile Include="Timer64.cpp">
      <Filter>Source files\util</Filter>
    </ClCompile>
    <ClCompile Include="UtilPathfind.cpp">
      <Filter>Source files\util</Filter>
    </ClCompile>
    <ClCompile Include="log.cpp">
      <Filter>Source files\util</Filter>
    </ClCompile>
    <ClCompile Include="fills.cpp">
      <Filter>Source files</Filter>
    </ClCompile>
    <ClCompile Include="multiwindow.cpp">
      <Filter>Source files</Filter>
    </ClCompile>
    <ClCompile Include="io\io_voidsprite.cpp">
      <Filter>Source files\io</Filter>
    </ClCompile>
    <ClCompile Include="ViewSessionScreen.cpp">
      <Filter>Source files\screen</Filter>
    </ClCompile>
    <ClCompile Include="io\io_lpe.cpp">
      <Filter>Source files\io</Filter>
    </ClCompile>
    <ClCompile Include="PopupContextMenu.cpp">
      <Filter>Source files\popup</Filter>
    </ClCompile>
    <ClCompile Include="io\io_openraster.cpp">
      <Filter>Source files\io</Filter>
    </ClCompile>
    <ClCompile Include="io\io_pix2d.cpp">
      <Filter>Source files\io</Filter>
    </ClCompile>
    <ClCompile Include="NetworkCanvasMainEditor.cpp">
      <Filter>Source files\screen</Filter>
    </ClCompile>
    <ClCompile Include="PopupSetupNetworkCanvas.cpp">
      <Filter>Source files\popup</Filter>
    </ClCompile>
    <ClCompile Include="io\io_pixil.cpp">
      <Filter>Source files\io</Filter>
    </ClCompile>
  </ItemGroup>
  <ItemGroup>
    <ClInclude Include="globals.h">
      <Filter>Header files</Filter>
    </ClInclude>
    <ClInclude Include="libtga\tga.h">
      <Filter>Header files\external\libtga</Filter>
    </ClInclude>
    <ClInclude Include="libtga\tga_private.h">
      <Filter>Header files\external\libtga</Filter>
    </ClInclude>
    <ClInclude Include="brush\BaseBrush.h">
      <Filter>Header files\brushes</Filter>
    </ClInclude>
    <ClInclude Include="brush\Brush1pxLine.h">
      <Filter>Header files\brushes</Filter>
    </ClInclude>
    <ClInclude Include="brush\Brush1x1.h">
      <Filter>Header files\brushes</Filter>
    </ClInclude>
    <ClInclude Include="brush\Brush3pxCircle.h">
      <Filter>Header files\brushes</Filter>
    </ClInclude>
    <ClInclude Include="brush\BrushRect.h">
      <Filter>Header files\brushes</Filter>
    </ClInclude>
    <ClInclude Include="brush\BrushRectFill.h">
      <Filter>Header files\brushes</Filter>
    </ClInclude>
    <ClInclude Include="brush\ToolColorPicker.h">
      <Filter>Header files\brushes</Filter>
    </ClInclude>
    <ClInclude Include="BasePopup.h">
      <Filter>Header files\popup</Filter>
    </ClInclude>
    <ClInclude Include="EditorBrushPicker.h">
      <Filter>Header files\ui_widgets</Filter>
    </ClInclude>
    <ClInclude Include="EditorColorPicker.h">
      <Filter>Header files\ui_widgets</Filter>
    </ClInclude>
    <ClInclude Include="ScreenWideNavBar.h">
      <Filter>Header files\ui_widgets</Filter>
    </ClInclude>
    <ClInclude Include="UIButton.h">
      <Filter>Header files\ui_widgets</Filter>
    </ClInclude>
    <ClInclude Include="UIColorSlider.h">
      <Filter>Header files\ui_widgets</Filter>
    </ClInclude>
    <ClInclude Include="UISlider.h">
      <Filter>Header files\ui_widgets</Filter>
    </ClInclude>
    <ClInclude Include="UISVPicker.h">
      <Filter>Header files\ui_widgets</Filter>
    </ClInclude>
    <ClInclude Include="UITextField.h">
      <Filter>Header files\ui_widgets</Filter>
    </ClInclude>
    <ClInclude Include="DrawableManager.h">
      <Filter>Header files\ui_widgets</Filter>
    </ClInclude>
    <ClInclude Include="drawable.h">
      <Filter>Header files\ui_widgets</Filter>
    </ClInclude>
    <ClInclude Include="StartScreen.h">
      <Filter>Header files\screen</Filter>
    </ClInclude>
    <ClInclude Include="maineditor.h">
      <Filter>Header files\screen</Filter>
    </ClInclude>
    <ClInclude Include="BaseScreen.h">
      <Filter>Header files\screen</Filter>
    </ClInclude>
    <ClInclude Include="PopupMessageBox.h">
      <Filter>Header files\popup</Filter>
    </ClInclude>
    <ClInclude Include="TabbedView.h">
      <Filter>Header files\ui_widgets</Filter>
    </ClInclude>
    <ClInclude Include="colors.h">
      <Filter>Header files</Filter>
    </ClInclude>
    <ClInclude Include="PopupSetEditorPixelGrid.h">
      <Filter>Header files\popup</Filter>
    </ClInclude>
    <ClInclude Include="UILabel.h">
      <Filter>Header files\ui_widgets</Filter>
    </ClInclude>
    <ClInclude Include="brush\ToolRectClone.h">
      <Filter>Header files\brushes</Filter>
    </ClInclude>
    <ClInclude Include="PopupYesNo.h">
      <Filter>Header files\popup</Filter>
    </ClInclude>
    <ClInclude Include="BaseTemplate.h">
      <Filter>Header files\templates</Filter>
    </ClInclude>
    <ClInclude Include="TemplateRPG2KCharset.h">
      <Filter>Header files\templates</Filter>
    </ClInclude>
    <ClInclude Include="easybmp\EasyBMP.h">
      <Filter>Header files\external\easybmp</Filter>
    </ClInclude>
    <ClInclude Include="easybmp\EasyBMP_BMP.h">
      <Filter>Header files\external\easybmp</Filter>
    </ClInclude>
    <ClInclude Include="easybmp\EasyBMP_DataStructures.h">
      <Filter>Header files\external\easybmp</Filter>
    </ClInclude>
    <ClInclude Include="easybmp\EasyBMP_VariousBMPutilities.h">
      <Filter>Header files\external\easybmp</Filter>
    </ClInclude>
    <ClInclude Include="EditorLayerPicker.h">
      <Filter>Header files\ui_widgets</Filter>
    </ClInclude>
    <ClInclude Include="UILayerButton.h">
      <Filter>Header files\ui_widgets</Filter>
    </ClInclude>
    <ClInclude Include="ddspp\ddspp.h">
      <Filter>Header files\external\ddspp</Filter>
    </ClInclude>
    <ClInclude Include="SpritesheetPreviewScreen.h">
      <Filter>Header files\screen</Filter>
    </ClInclude>
    <ClInclude Include="EditorSpritesheetPreview.h">
      <Filter>Header files\ui_widgets</Filter>
    </ClInclude>
    <ClInclude Include="PopupTextBox.h">
      <Filter>Header files\popup</Filter>
    </ClInclude>
    <ClInclude Include="resource.h">
      <Filter>Header files</Filter>
    </ClInclude>
    <ClInclude Include="brush\ToolSetXSymmetry.h">
      <Filter>Header files\brushes</Filter>
    </ClInclude>
    <ClInclude Include="brush\ToolSetYSymmetry.h">
      <Filter>Header files\brushes</Filter>
    </ClInclude>
    <ClInclude Include="TemplateMC64x32Skin.h">
      <Filter>Header files\templates</Filter>
    </ClInclude>
    <ClInclude Include="zip\miniz.h">
      <Filter>Header files\external\zip</Filter>
    </ClInclude>
    <ClInclude Include="zip\zip.h">
      <Filter>Header files\external\zip</Filter>
    </ClInclude>
    <ClInclude Include="brush\BrushFill.h">
      <Filter>Header files\brushes</Filter>
    </ClInclude>
    <ClInclude Include="TilemapPreviewScreen.h">
      <Filter>Header files\screen</Filter>
    </ClInclude>
    <ClInclude Include="brush\Brush1pxLinePathfind.h">
      <Filter>Header files\brushes</Filter>
    </ClInclude>
    <ClInclude Include="brush\BrushCircle.h">
      <Filter>Header files\brushes</Filter>
    </ClInclude>
    <ClInclude Include="pugixml\pugiconfig.hpp">
      <Filter>Header files\external\pugixml</Filter>
    </ClInclude>
    <ClInclude Include="pugixml\pugixml.hpp">
      <Filter>Header files\external\pugixml</Filter>
    </ClInclude>
    <ClInclude Include="UIColorInputField.h">
      <Filter>Header files\ui_widgets</Filter>
    </ClInclude>
    <ClInclude Include="brush\ToolComment.h">
      <Filter>Header files\brushes</Filter>
    </ClInclude>
    <ClInclude Include="brush\ToolMeasure.h">
      <Filter>Header files\brushes</Filter>
    </ClInclude>
    <ClInclude Include="Pattern.h">
      <Filter>Header files</Filter>
    </ClInclude>
    <ClInclude Include="Notification.h">
      <Filter>Header files</Filter>
    </ClInclude>
    <ClInclude Include="brush\ToolRectMove.h">
      <Filter>Header files\brushes</Filter>
    </ClInclude>
    <ClInclude Include="ScrollingPanel.h">
      <Filter>Header files\ui_widgets</Filter>
    </ClInclude>
    <ClInclude Include="ee_creature.h">
      <Filter>Header files</Filter>
    </ClInclude>
    <ClInclude Include="brush\Brush1x1ArcX.h">
      <Filter>Header files\brushes</Filter>
    </ClInclude>
    <ClInclude Include="brush\Brush1x1ArcY.h">
      <Filter>Header files\brushes</Filter>
    </ClInclude>
    <ClInclude Include="MinecraftSkinPreviewScreen.h">
      <Filter>Header files\screen</Filter>
    </ClInclude>
    <ClInclude Include="libpng\png.h">
      <Filter>Header files\external\libpng</Filter>
    </ClInclude>
    <ClInclude Include="libpng\pngconf.h">
      <Filter>Header files\external\libpng</Filter>
    </ClInclude>
    <ClInclude Include="libpng\pnglibconf.h">
      <Filter>Header files\external\libpng</Filter>
    </ClInclude>
    <ClInclude Include="libpng\pngpriv.h">
      <Filter>Header files\external\libpng</Filter>
    </ClInclude>
    <ClInclude Include="libpng\pngstruct.h">
      <Filter>Header files\external\libpng</Filter>
    </ClInclude>
    <ClInclude Include="libpng\pngdebug.h">
      <Filter>Header files\external\libpng</Filter>
    </ClInclude>
    <ClInclude Include="libpng\pnginfo.h">
      <Filter>Header files\external\libpng</Filter>
    </ClInclude>
    <ClInclude Include="brush\BrushReplaceColor.h">
      <Filter>Header files\brushes</Filter>
    </ClInclude>
    <ClInclude Include="astc_dec\astc_decomp.h">
      <Filter>Header files\external\astc_dec</Filter>
    </ClInclude>
    <ClInclude Include="brush\ToolRectSwap.h">
      <Filter>Header files\brushes</Filter>
    </ClInclude>
    <ClInclude Include="base64\base64.hpp">
      <Filter>Header files\external\base64</Filter>
    </ClInclude>
    <ClInclude Include="brush\ToolText.h">
      <Filter>Header files\brushes</Filter>
    </ClInclude>
    <ClInclude Include="PopupTileGeneric.h">
      <Filter>Header files\popup</Filter>
    </ClInclude>
    <ClInclude Include="Gamepad.h">
      <Filter>Header files</Filter>
    </ClInclude>
    <ClInclude Include="PopupTextTool.h">
      <Filter>Header files\popup</Filter>
    </ClInclude>
    <ClInclude Include="PopupAbout.h">
      <Filter>Header files\popup</Filter>
    </ClInclude>
    <ClInclude Include="brush\ToolRectFlip.h">
      <Filter>Header files\brushes</Filter>
    </ClInclude>
    <ClInclude Include="brush\ToolRectRotate.h">
      <Filter>Header files\brushes</Filter>
    </ClInclude>
    <ClInclude Include="palettes.h">
      <Filter>Header files</Filter>
    </ClInclude>
    <ClInclude Include="MainEditorPalettized.h">
      <Filter>Header files\screen</Filter>
    </ClInclude>
    <ClInclude Include="PalettizedEditorColorPicker.h">
      <Filter>Header files\ui_widgets</Filter>
    </ClInclude>
    <ClInclude Include="PopupQuickConvert.h">
      <Filter>Header files\popup</Filter>
    </ClInclude>
    <ClInclude Include="UIDropdown.h">
      <Filter>Header files\ui_widgets</Filter>
    </ClInclude>
    <ClInclude Include="UIHueSlider.h">
      <Filter>Header files\ui_widgets</Filter>
    </ClInclude>
    <ClInclude Include="PopupPickColor.h">
      <Filter>Header files\popup</Filter>
    </ClInclude>
    <ClInclude Include="PalettizedEditorLayerPicker.h">
      <Filter>Header files\ui_widgets</Filter>
    </ClInclude>
    <ClInclude Include="portable-file-dialogs\portable-file-dialogs.h">
      <Filter>Header files\external\portable-file-dialogs</Filter>
    </ClInclude>
    <ClInclude Include="TilemapEditorLayerPicker.h">
      <Filter>Header files\ui_widgets</Filter>
    </ClInclude>
    <ClInclude Include="RPG2KTilemapPreviewScreen.h">
      <Filter>Header files\screen</Filter>
    </ClInclude>
    <ClInclude Include="TemplateRPG2KFaceset.h">
      <Filter>Header files\templates</Filter>
    </ClInclude>
    <ClInclude Include="DraggablePanel.h">
      <Filter>Header files\ui_widgets</Filter>
    </ClInclude>
    <ClInclude Include="TooltipsLayer.h">
      <Filter>Header files</Filter>
    </ClInclude>
    <ClInclude Include="Panel.h">
      <Filter>Header files\ui_widgets</Filter>
    </ClInclude>
    <ClInclude Include="UICheckbox.h">
      <Filter>Header files\ui_widgets</Filter>
    </ClInclude>
    <ClInclude Include="PopupGlobalConfig.h">
      <Filter>Header files\popup</Filter>
    </ClInclude>
    <ClInclude Include="settings.h">
      <Filter>Header files</Filter>
    </ClInclude>
    <ClInclude Include="PanelRPG2KTilemapPreview.h">
      <Filter>Header files\ui_widgets</Filter>
    </ClInclude>
    <ClInclude Include="TemplateRPG2KSystem.h">
      <Filter>Header files\templates</Filter>
    </ClInclude>
    <ClInclude Include="TemplateRPG2KChipset.h">
      <Filter>Header files\templates</Filter>
    </ClInclude>
    <ClInclude Include="PanelSpritesheetPreview.h">
      <Filter>Header files\ui_widgets</Filter>
    </ClInclude>
    <ClInclude Include="TemplateRPG2KBattleAnim.h">
      <Filter>Header files\templates</Filter>
    </ClInclude>
    <ClInclude Include="main.h">
      <Filter>Header files</Filter>
    </ClInclude>
    <ClInclude Include="ButtonStartScreenSession.h">
      <Filter>Header files\ui_widgets</Filter>
    </ClInclude>
    <ClInclude Include="PopupIntegerScale.h">
      <Filter>Header files\popup</Filter>
    </ClInclude>
    <ClInclude Include="brush\ToolRectIsolate.h">
      <Filter>Header files\brushes</Filter>
    </ClInclude>
    <ClInclude Include="CustomTemplate.h">
      <Filter>Header files\templates</Filter>
    </ClInclude>
    <ClInclude Include="ninesegmentpatterns.h">
      <Filter>Header files</Filter>
    </ClInclude>
    <ClInclude Include="NineSegmentPatternEditorScreen.h">
      <Filter>Header files\screen</Filter>
    </ClInclude>
    <ClInclude Include="brush\Brush9SegmentRect.h">
      <Filter>Header files\brushes</Filter>
    </ClInclude>
    <ClInclude Include="PopupSet9SPattern.h">
      <Filter>Header files\popup</Filter>
    </ClInclude>
    <ClInclude Include="brush\ToolGuideline.h">
      <Filter>Header files\brushes</Filter>
    </ClInclude>
    <ClInclude Include="brush\BrushBezierLine.h">
      <Filter>Header files\brushes</Filter>
    </ClInclude>
    <ClInclude Include="PanelTilemapPreview.h">
      <Filter>Header files\ui_widgets</Filter>
    </ClInclude>
    <ClInclude Include="json\json.hpp">
      <Filter>Header files\external\json</Filter>
    </ClInclude>
    <ClInclude Include="MinecraftBlockPreviewScreen.h">
      <Filter>Header files\screen</Filter>
    </ClInclude>
    <ClInclude Include="PanelMCBlockPreview.h">
      <Filter>Header files\ui_widgets</Filter>
    </ClInclude>
    <ClInclude Include="BaseFilter.h">
      <Filter>Header files\filters</Filter>
    </ClInclude>
    <ClInclude Include="splitsession.h">
      <Filter>Header files</Filter>
    </ClInclude>
    <ClInclude Include="SplitSessionEditor.h">
      <Filter>Header files\screen</Filter>
    </ClInclude>
    <ClInclude Include="PopupApplyFilter.h">
      <Filter>Header files\popup</Filter>
    </ClInclude>
    <ClInclude Include="discord_game_sdk\image_manager.h">
      <Filter>Header files\external\discord_game_sdk</Filter>
    </ClInclude>
    <ClInclude Include="discord_game_sdk\lobby_manager.h">
      <Filter>Header files\external\discord_game_sdk</Filter>
    </ClInclude>
    <ClInclude Include="discord_game_sdk\network_manager.h">
      <Filter>Header files\external\discord_game_sdk</Filter>
    </ClInclude>
    <ClInclude Include="discord_game_sdk\overlay_manager.h">
      <Filter>Header files\external\discord_game_sdk</Filter>
    </ClInclude>
    <ClInclude Include="discord_game_sdk\relationship_manager.h">
      <Filter>Header files\external\discord_game_sdk</Filter>
    </ClInclude>
    <ClInclude Include="discord_game_sdk\storage_manager.h">
      <Filter>Header files\external\discord_game_sdk</Filter>
    </ClInclude>
    <ClInclude Include="discord_game_sdk\store_manager.h">
      <Filter>Header files\external\discord_game_sdk</Filter>
    </ClInclude>
    <ClInclude Include="discord_game_sdk\types.h">
      <Filter>Header files\external\discord_game_sdk</Filter>
    </ClInclude>
    <ClInclude Include="discord_game_sdk\user_manager.h">
      <Filter>Header files\external\discord_game_sdk</Filter>
    </ClInclude>
    <ClInclude Include="discord_game_sdk\voice_manager.h">
      <Filter>Header files\external\discord_game_sdk</Filter>
    </ClInclude>
    <ClInclude Include="discord_game_sdk\achievement_manager.h">
      <Filter>Header files\external\discord_game_sdk</Filter>
    </ClInclude>
    <ClInclude Include="discord_game_sdk\activity_manager.h">
      <Filter>Header files\external\discord_game_sdk</Filter>
    </ClInclude>
    <ClInclude Include="discord_game_sdk\application_manager.h">
      <Filter>Header files\external\discord_game_sdk</Filter>
    </ClInclude>
    <ClInclude Include="discord_game_sdk\core.h">
      <Filter>Header files\external\discord_game_sdk</Filter>
    </ClInclude>
    <ClInclude Include="discord_game_sdk\discord.h">
      <Filter>Header files\external\discord_game_sdk</Filter>
    </ClInclude>
    <ClInclude Include="discord_game_sdk\event.h">
      <Filter>Header files\external\discord_game_sdk</Filter>
    </ClInclude>
    <ClInclude Include="discord_game_sdk\ffi.h">
      <Filter>Header files\external\discord_game_sdk</Filter>
    </ClInclude>
    <ClInclude Include="RenderFilter.h">
      <Filter>Header files\filters</Filter>
    </ClInclude>
    <ClInclude Include="colormodels.h">
      <Filter>Header files</Filter>
    </ClInclude>
    <ClInclude Include="iostructs.h">
      <Filter>Header files</Filter>
    </ClInclude>
    <ClInclude Include="io\io_aseprite.h">
      <Filter>Header files\io</Filter>
    </ClInclude>
    <ClInclude Include="io\io_base.h">
      <Filter>Header files\io</Filter>
    </ClInclude>
    <ClInclude Include="FileIO.h">
      <Filter>Header files\io</Filter>
    </ClInclude>
    <ClInclude Include="io\io_piskel.h">
      <Filter>Header files\io</Filter>
    </ClInclude>
    <ClInclude Include="platform.h">
      <Filter>Header files\platform</Filter>
    </ClInclude>
    <ClInclude Include="platform_linux.h">
      <Filter>Header files\platform</Filter>
    </ClInclude>
    <ClInclude Include="platform_macos.h">
      <Filter>Header files\platform</Filter>
    </ClInclude>
    <ClInclude Include="platform_windows.h">
      <Filter>Header files\platform</Filter>
    </ClInclude>
    <ClInclude Include="io\io_gim.h">
      <Filter>Header files\io</Filter>
    </ClInclude>
    <ClInclude Include="fills.h">
      <Filter>Header files</Filter>
    </ClInclude>
    <ClInclude Include="CollapsableDraggablePanel.h">
      <Filter>Header files\ui_widgets</Filter>
    </ClInclude>
    <ClInclude Include="sdl23compat.h">
      <Filter>Header files</Filter>
    </ClInclude>
    <ClInclude Include="io\io_rpgm.h">
      <Filter>Header files\io</Filter>
    </ClInclude>
    <ClInclude Include="PanelReference.h">
      <Filter>Header files\ui_widgets</Filter>
    </ClInclude>
    <ClInclude Include="brush\BrushDiamond.h">
      <Filter>Header files\brushes</Filter>
    </ClInclude>
    <ClInclude Include="localization\localization.h">
      <Filter>Header files\localization</Filter>
    </ClInclude>
    <ClInclude Include="io\io_jxl.h">
      <Filter>Header files\io</Filter>
    </ClInclude>
    <ClInclude Include="PopupListRecoveryAutosaves.h">
      <Filter>Header files\popup</Filter>
    </ClInclude>
    <ClInclude Include="ScreenWideActionBar.h">
      <Filter>Header files\ui_widgets</Filter>
    </ClInclude>
    <ClInclude Include="ScreenNonogramPlayer.h">
      <Filter>Header files\screen</Filter>
    </ClInclude>
    <ClInclude Include="io\io_dibv5.h">
      <Filter>Header files\io</Filter>
    </ClInclude>
    <ClInclude Include="vfx.h">
      <Filter>Header files</Filter>
    </ClInclude>
    <ClInclude Include="PopupChooseExtsToAssoc.h">
      <Filter>Header files\popup</Filter>
    </ClInclude>
    <ClInclude Include="visual_config.h">
      <Filter>Header files</Filter>
    </ClInclude>
    <ClInclude Include="platform_universal.h">
      <Filter>Header files\platform</Filter>
    </ClInclude>
    <ClInclude Include="io\io_png.h">
      <Filter>Header files\io</Filter>
    </ClInclude>
    <ClInclude Include="PopupFilePicker.h">
      <Filter>Header files\popup</Filter>
    </ClInclude>
    <ClInclude Include="platform_android.h">
      <Filter>Header files\platform</Filter>
    </ClInclude>
    <ClInclude Include="PopupExportScaled.h">
      <Filter>Header files\popup</Filter>
    </ClInclude>
    <ClInclude Include="TemplatePixelIllustration.h">
      <Filter>Header files\templates</Filter>
    </ClInclude>
    <ClInclude Include="UIColorPicker.h">
      <Filter>Header files\ui_widgets</Filter>
    </ClInclude>
    <ClInclude Include="license.h">
      <Filter>Header files</Filter>
    </ClInclude>
    <ClInclude Include="io\io_valve_spr.h">
      <Filter>Header files\io</Filter>
    </ClInclude>
    <ClInclude Include="voidsprite_sdk.h">
      <Filter>Header files\sdk\v1</Filter>
    </ClInclude>
    <ClInclude Include="sdk_structs.h">
      <Filter>Header files\sdk</Filter>
    </ClInclude>
    <ClInclude Include="sdk_impl.h">
      <Filter>Header files\sdk</Filter>
    </ClInclude>
    <ClInclude Include="sdk_pluginloader.h">
      <Filter>Header files\sdk</Filter>
    </ClInclude>
    <ClInclude Include="ExtractDataScreen.h">
      <Filter>Header files\screen</Filter>
    </ClInclude>
    <ClInclude Include="background_operation.h">
      <Filter>Header files\util</Filter>
    </ClInclude>
    <ClInclude Include="Canvas.h">
      <Filter>Header files\util</Filter>
    </ClInclude>
    <ClInclude Include="EditorTouchToggle.h">
      <Filter>Header files\ui_widgets</Filter>
    </ClInclude>
    <ClInclude Include="LayerPalettized.h">
      <Filter>Header files</Filter>
    </ClInclude>
    <ClInclude Include="Layer.h">
      <Filter>Header files</Filter>
    </ClInclude>
    <ClInclude Include="mathops.h">
      <Filter>Header files\util</Filter>
    </ClInclude>
    <ClInclude Include="memory_tracker.h">
      <Filter>Header files\util</Filter>
    </ClInclude>
    <ClInclude Include="keybinds.h">
      <Filter>Header files</Filter>
    </ClInclude>
    <ClInclude Include="log.h">
      <Filter>Header files\util</Filter>
    </ClInclude>
    <ClInclude Include="shiftjis.h">
      <Filter>Header files\util</Filter>
    </ClInclude>
    <ClInclude Include="UtilPathfind.h">
      <Filter>Header files\util</Filter>
    </ClInclude>
    <ClInclude Include="Timer64.h">
      <Filter>Header files\util</Filter>
    </ClInclude>
    <ClInclude Include="updatecheck.h">
      <Filter>Header files\util</Filter>
    </ClInclude>
    <ClInclude Include="FontRenderer.h">
      <Filter>Header files\util</Filter>
    </ClInclude>
    <ClInclude Include="discord_rpc.h">
      <Filter>Header files\util</Filter>
    </ClInclude>
    <ClInclude Include="EventCallbackListener.h">
      <Filter>Header files\util</Filter>
    </ClInclude>
    <ClInclude Include="multiwindow.h">
      <Filter>Header files</Filter>
    </ClInclude>
    <ClInclude Include="io\io_voidsprite.h">
      <Filter>Header files\io</Filter>
    </ClInclude>
    <ClInclude Include="ViewSessionScreen.h">
      <Filter>Header files\screen</Filter>
    </ClInclude>
    <ClInclude Include="io\io_lpe.h">
      <Filter>Header files\io</Filter>
    </ClInclude>
    <ClInclude Include="PopupContextMenu.h">
      <Filter>Header files\popup</Filter>
    </ClInclude>
    <ClInclude Include="io\io_openraster.h">
      <Filter>Header files\io</Filter>
    </ClInclude>
    <ClInclude Include="io\io_pix2d.h">
      <Filter>Header files\io</Filter>
    </ClInclude>
    <ClInclude Include="NetworkCanvasMainEditor.h">
      <Filter>Header files\screen</Filter>
    </ClInclude>
    <ClInclude Include="operation_queue.h">
      <Filter>Header files\util</Filter>
    </ClInclude>
    <ClInclude Include="PopupSetupNetworkCanvas.h">
      <Filter>Header files\popup</Filter>
    </ClInclude>
    <ClInclude Include="io\io_pixil.h">
      <Filter>Header files\io</Filter>
    </ClInclude>
    <ClInclude Include="platform_vita.h">
      <Filter>Header files\platform</Filter>
    </ClInclude>
  </ItemGroup>
  <ItemGroup>
    <ResourceCompile Include="freesprite.rc">
      <Filter>Resource files</Filter>
    </ResourceCompile>
  </ItemGroup>
  <ItemGroup>
    <Image Include="icon1.ico">
      <Filter>Resource files</Filter>
    </Image>
  </ItemGroup>
  <ItemGroup>
    <None Include="cpp.hint" />
  </ItemGroup>
  <ItemGroup>
    <Text Include="localization\localization_english.txt">
      <Filter>Header files\localization</Filter>
    </Text>
    <Text Include="localization\localization_romanian.txt">
      <Filter>Header files\localization</Filter>
    </Text>
    <Text Include="localization\localization_japanese.txt">
      <Filter>Header files\localization</Filter>
    </Text>
  </ItemGroup>
</Project>